
Microsoft Visual Studio Solution File, Format Version 12.00
# Visual Studio Version 16
VisualStudioVersion = 16.0.34407.143
MinimumVisualStudioVersion = 10.0.40219.1
Project("{FAE04EC0-301F-11D3-BF4B-00C04F79EFBC}") = "CMS", "CMS\CMS.csproj", "{DE47493B-D714-44B9-8792-5EB4C2886A2C}"
EndProject
Project("{FAE04EC0-301F-11D3-BF4B-00C04F79EFBC}") = "DataLayer", "DataLayer\DataLayer.csproj", "{DAC4D40B-6FC8-4634-85A3-C3D536CEE147}"
EndProject
Global
	GlobalSection(SolutionConfigurationPlatforms) = preSolution
		Debug|Any CPU = Debug|Any CPU
		Release|Any CPU = Release|Any CPU
	EndGlobalSection
	GlobalSection(ProjectConfigurationPlatforms) = postSolution
		{DE47493B-D714-44B9-8792-5EB4C2886A2C}.Debug|Any CPU.ActiveCfg = Debug|Any CPU
		{DE47493B-D714-44B9-8792-5EB4C2886A2C}.Debug|Any CPU.Build.0 = Debug|Any CPU
		{DE47493B-D714-44B9-8792-5EB4C2886A2C}.Release|Any CPU.ActiveCfg = Release|Any CPU
		{DE47493B-D714-44B9-8792-5EB4C2886A2C}.Release|Any CPU.Build.0 = Release|Any CPU
		{DAC4D40B-6FC8-4634-85A3-C3D536CEE147}.Debug|Any CPU.ActiveCfg = Debug|Any CPU
		{DAC4D40B-6FC8-4634-85A3-C3D536CEE147}.Debug|Any CPU.Build.0 = Debug|Any CPU
		{DAC4D40B-6FC8-4634-85A3-C3D536CEE147}.Release|Any CPU.ActiveCfg = Release|Any CPU
		{DAC4D40B-6FC8-4634-85A3-C3D536CEE147}.Release|Any CPU.Build.0 = Release|Any CPU
	EndGlobalSection
	GlobalSection(SolutionProperties) = preSolution
		HideSolutionNode = FALSE
	EndGlobalSection
	GlobalSection(ExtensibilityGlobals) = postSolution
		SolutionGuid = {3F7DA971-9680-46B0-97B8-F3DCC1CD7B1A}
	EndGlobalSection
EndGlobal
